
Microsoft Visual Studio Solution File, Format Version 12.00
# Visual Studio Version 17
VisualStudioVersion = 17.13.35919.96
MinimumVisualStudioVersion = 10.0.40219.1
Project("{FAE04EC0-301F-11D3-BF4B-00C04F79EFBC}") = "VirginMedia.TechTests.SalesSummary", "web\VirginMedia.TechTests.SalesSummary.csproj", "{37A54845-93BA-C2F5-A525-26023CF0F6CF}"
EndProject
Global
	GlobalSection(SolutionConfigurationPlatforms) = preSolution
		Debug|Any CPU = Debug|Any CPU
		Release|Any CPU = Release|Any CPU
	EndGlobalSection
	GlobalSection(ProjectConfigurationPlatforms) = postSolution
		{37A54845-93BA-C2F5-A525-26023CF0F6CF}.Debug|Any CPU.ActiveCfg = Debug|Any CPU
		{37A54845-93BA-C2F5-A525-26023CF0F6CF}.Debug|Any CPU.Build.0 = Debug|Any CPU
		{37A54845-93BA-C2F5-A525-26023CF0F6CF}.Release|Any CPU.ActiveCfg = Release|Any CPU
		{37A54845-93BA-C2F5-A525-26023CF0F6CF}.Release|Any CPU.Build.0 = Release|Any CPU
	EndGlobalSection
	GlobalSection(SolutionProperties) = preSolution
		HideSolutionNode = FALSE
	EndGlobalSection
	GlobalSection(ExtensibilityGlobals) = postSolution
		SolutionGuid = {3C23EF9B-1074-4CF5-9599-EE53FF966AFB}
	EndGlobalSection
EndGlobal
